{
  "version": "5",
  "specifiers": {
    "jsr:@std/assert@1": "1.0.19",
    "jsr:@std/internal@^1.0.12": "1.0.14",
    "jsr:@supabase/supabase-js@2": "2.112.4",
    "npm:@supabase/auth-js@2.112.4": "2.112.4",
    "npm:@supabase/functions-js@2.112.4": "2.112.4",
    "npm:@supabase/postgrest-js@2.112.4": "2.112.4",
    "npm:@supabase/realtime-js@2.112.4": "2.112.4",
    "npm:@supabase/storage-js@2.112.4": "2.112.4"
  },
  "jsr": {
    "@std/assert@1.0.19": {
      "integrity": "eaada96ee120cb980bc47e040f82814d786fe8162ecc53c91d8df60b8755991e",
      "dependencies": [
        "jsr:@std/internal"
      ]
    },
    "@std/internal@1.0.14": {
      "integrity": "291516b3d4c35024d6ffbc0a9df5bf4c64116e05b50012cf846710152d2ffdf7"
    },
    "@supabase/supabase-js@2.112.4": {
      "integrity": "f20220bf7de53d493d2f01aa269132b660572ba407e7de68f1b43422b9e8002a",
      "dependencies": [
        "npm:@supabase/auth-js",
        "npm:@supabase/functions-js",
        "npm:@supabase/postgrest-js",
        "npm:@supabase/realtime-js",
        "npm:@supabase/storage-js"
      ]
    }
  },
  "npm": {
    "@supabase/auth-js@2.112.4": {
      "integrity": "sha512-z8DesgwLzKM5PiT0yNmJU8VJyh1zAhYi+20Z7drdJQLXg/wWW4yGt/un+He5ERYUo94Vz66t5aeyr1DIDemI5A==",
      "dependencies": [
        "tslib"
      ]
    },
    "@supabase/functions-js@2.112.4": {
      "integrity": "sha512-DQ0aVH8wSQAccVqNoEkec62qCu2QRNyoGN53RqsVZ1k6F1zq4/v8scrlR6LNT2RJmT97apiTmORijPVhErCS2g==",
      "dependencies": [
        "tslib"
      ]
    },
    "@supabase/phoenix@0.4.5": {
      "integrity": "sha512-aAn9H9ovVyeApKy11OWOrrOGq8DV68yWeH4ud2lN9fzn4aO8Zb5GLL9m1pUg9nLqIcT+ZDfAcsZe0E/nqdv2lw=="
    },
    "@supabase/postgrest-js@2.112.4": {
      "integrity": "sha512-uaubtPSeg2TR4wrtfQoQWgkTAe+a0qWX2KhmwvTfNl5mGN9+U7owiJt6abk3o/V6O899PSRD1yzxs5RlF4xTug==",
      "dependencies": [
        "tslib"
      ]
    },
    "@supabase/realtime-js@2.112.4": {
      "integrity": "sha512-vZ+j079SKrM0Xiq7MJCvQKLDpaH2kfKfLY68xuQE1sqsCsMmx1CyrDBJHsxZ3cX01VOs5SI9igmoZAF3BmdZxw==",
      "dependencies": [
        "@supabase/phoenix",
        "tslib"
      ]
    },
    "@supabase/storage-js@2.112.4": {
      "integrity": "sha512-lQ0JemuTlMIXVKgSci1qez8yPnM5hyDngeAfEBjZS2Om4D+Cus0EE5BE6glFobrxdyii1OF4UzWfF0zcQgDq5A==",
      "dependencies": [
        "iceberg-js",
        "tslib"
      ]
    },
    "iceberg-js@0.8.1": {
      "integrity": "sha512-1dhVQZXhcHje7798IVM+xoo/1ZdVfzOMIc8/rgVSijRK38EDqOJoGula9N/8ZI5RD8QTxNQtK/Gozpr+qUqRRA=="
    },
    "tslib@2.8.1": {
      "integrity": "sha512-oJFu94HQb+KVduSUQL7wnpmqnfmLsOA/nAh6b6EH0wCEoK0/mPeXU6c3wKDV83MkOuHPRHtSXKKU99IBazS/2w=="
    }
  },
  "remote": {
    "https://deno.land/x/serpapi@2.2.1/mod.ts": "da55704ba1397ee3d4ac0d2a25fdca0cce8f1d8456faf4442b36a727d96e2a33",
    "https://deno.land/x/serpapi@2.2.1/src/config.ts": "a55e86e70a0d42d450e50529440c49ea6e508b88d7447ecfbb20e115d56bfd73",
    "https://deno.land/x/serpapi@2.2.1/src/errors.ts": "c7cb6b9b977cc4a62a4f9494df9612ca237c761a446f8aad9cdfbc89c34485c7",
    "https://deno.land/x/serpapi@2.2.1/src/serpapi.ts": "9f2eaa21ebf8221c65f32b955f32369eab9932e21dcaf3bd6297630a6cc8072b",
    "https://deno.land/x/serpapi@2.2.1/src/types.ts": "31e7ed8bf8f36c6a25d35b646c51454cdd3165f14bafd771d55cf841ac69728b",
    "https://deno.land/x/serpapi@2.2.1/src/utils.ts": "ca2fbb8f6ef9639f6b04ccc6fd3f69ac7a273400c3b93b014cc75f19065d85c6",
    "https://deno.land/x/serpapi@2.2.1/src/validators.ts": "44b61833bae9e1088b45b14a309bf8da88873595d8cca107506817cb30455a8d",
    "https://deno.land/x/serpapi@2.2.1/version.ts": "2b175ba7ab40e4cc7329472f88b9828734a7af82ab9beb5f7154cc3b7ff2a29a"
  },
  "workspace": {
    "dependencies": [
      "jsr:@supabase/supabase-js@2"
    ]
  }
}
